
Microsoft Visual Studio Solution File, Format Version 12.00
# Visual Studio Version 17
VisualStudioVersion = 17.10.35004.147
MinimumVisualStudioVersion = 10.0.40219.1
Project("{FAE04EC0-301F-11D3-BF4B-00C04F79EFBC}") = "MeDirect_Currency_Exchange_API", "MeDirect_Currency_Exchange_API\MeDirect_Currency_Exchange_API.csproj", "{B4F7E2CF-62A7-4D0F-A05D-62128F34E1D4}"
EndProject
Global
	GlobalSection(SolutionConfigurationPlatforms) = preSolution
		Debug|Any CPU = Debug|Any CPU
		Release|Any CPU = Release|Any CPU
	EndGlobalSection
	GlobalSection(ProjectConfigurationPlatforms) = postSolution
		{B4F7E2CF-62A7-4D0F-A05D-62128F34E1D4}.Debug|Any CPU.ActiveCfg = Debug|Any CPU
		{B4F7E2CF-62A7-4D0F-A05D-62128F34E1D4}.Debug|Any CPU.Build.0 = Debug|Any CPU
		{B4F7E2CF-62A7-4D0F-A05D-62128F34E1D4}.Release|Any CPU.ActiveCfg = Release|Any CPU
		{B4F7E2CF-62A7-4D0F-A05D-62128F34E1D4}.Release|Any CPU.Build.0 = Release|Any CPU
	EndGlobalSection
	GlobalSection(SolutionProperties) = preSolution
		HideSolutionNode = FALSE
	EndGlobalSection
	GlobalSection(ExtensibilityGlobals) = postSolution
		SolutionGuid = {EFA7ACB4-9385-4D81-8AF8-DAAB60CADFC6}
	EndGlobalSection
EndGlobal
